
Microsoft Visual Studio Solution File, Format Version 12.00
# Visual Studio Version 17
VisualStudioVersion = 17.7.34003.232
MinimumVisualStudioVersion = 10.0.40219.1
Project("{9A19103F-16F7-4668-BE54-9A1E7A4F7556}") = "Domain", "Domain\Domain.csproj", "{20F3C584-2868-4580-9D71-102C0986DCCA}"
EndProject
Project("{9A19103F-16F7-4668-BE54-9A1E7A4F7556}") = "Application", "Application\Application.csproj", "{E8D9955C-CC18-4E90-BCA8-7DC43D72415E}"
EndProject
Project("{9A19103F-16F7-4668-BE54-9A1E7A4F7556}") = "Infra.Data", "Infra.Data\Infra.Data.csproj", "{8351DF5B-A6DE-4B44-B1A8-B9D11A3E801D}"
EndProject
Project("{9A19103F-16F7-4668-BE54-9A1E7A4F7556}") = "Presentation", "Presentation\Presentation.csproj", "{7D43C5F7-CDA1-4FA9-97E1-B31554D6A156}"
EndProject
Global
	GlobalSection(SolutionConfigurationPlatforms) = preSolution
		Debug|Any CPU = Debug|Any CPU
		Release|Any CPU = Release|Any CPU
	EndGlobalSection
	GlobalSection(ProjectConfigurationPlatforms) = postSolution
		{20F3C584-2868-4580-9D71-102C0986DCCA}.Debug|Any CPU.ActiveCfg = Debug|Any CPU
		{20F3C584-2868-4580-9D71-102C0986DCCA}.Debug|Any CPU.Build.0 = Debug|Any CPU
		{20F3C584-2868-4580-9D71-102C0986DCCA}.Release|Any CPU.ActiveCfg = Release|Any CPU
		{20F3C584-2868-4580-9D71-102C0986DCCA}.Release|Any CPU.Build.0 = Release|Any CPU
		{E8D9955C-CC18-4E90-BCA8-7DC43D72415E}.Debug|Any CPU.ActiveCfg = Debug|Any CPU
		{E8D9955C-CC18-4E90-BCA8-7DC43D72415E}.Debug|Any CPU.Build.0 = Debug|Any CPU
		{E8D9955C-CC18-4E90-BCA8-7DC43D72415E}.Release|Any CPU.ActiveCfg = Release|Any CPU
		{E8D9955C-CC18-4E90-BCA8-7DC43D72415E}.Release|Any CPU.Build.0 = Release|Any CPU
		{8351DF5B-A6DE-4B44-B1A8-B9D11A3E801D}.Debug|Any CPU.ActiveCfg = Debug|Any CPU
		{8351DF5B-A6DE-4B44-B1A8-B9D11A3E801D}.Debug|Any CPU.Build.0 = Debug|Any CPU
		{8351DF5B-A6DE-4B44-B1A8-B9D11A3E801D}.Release|Any CPU.ActiveCfg = Release|Any CPU
		{8351DF5B-A6DE-4B44-B1A8-B9D11A3E801D}.Release|Any CPU.Build.0 = Release|Any CPU
		{7D43C5F7-CDA1-4FA9-97E1-B31554D6A156}.Debug|Any CPU.ActiveCfg = Debug|Any CPU
		{7D43C5F7-CDA1-4FA9-97E1-B31554D6A156}.Debug|Any CPU.Build.0 = Debug|Any CPU
		{7D43C5F7-CDA1-4FA9-97E1-B31554D6A156}.Release|Any CPU.ActiveCfg = Release|Any CPU
		{7D43C5F7-CDA1-4FA9-97E1-B31554D6A156}.Release|Any CPU.Build.0 = Release|Any CPU
	EndGlobalSection
	GlobalSection(SolutionProperties) = preSolution
		HideSolutionNode = FALSE
	EndGlobalSection
	GlobalSection(ExtensibilityGlobals) = postSolution
		SolutionGuid = {5957510B-D1B3-428E-8C60-6316E4884263}
	EndGlobalSection
EndGlobal
